# THIS IS AN AUTOGENERATED FILE. DO NOT EDIT THIS FILE DIRECTLY.
# yarn lockfile v1


"@cspotcode/source-map-support@^0.8.0":
  "integrity" "sha512-IchNf6dN4tHoMFIn/7OE8LWZ19Y6q/67Bmf6vnGREv8RSbBVb9LPJxEcnwrcwX6ixSvaiGoomAUvu4YSxXrVgw=="
  "resolved" "https://registry.npmjs.org/@cspotcode/source-map-support/-/source-map-support-0.8.1.tgz"
  "version" "0.8.1"
  dependencies:
    "@jridgewell/trace-mapping" "0.3.9"

"@jridgewell/resolve-uri@^3.0.3":
  "integrity" "sha512-F2msla3tad+Mfht5cJq7LSXcdudKTWCVYUgw6pLFOOHSTtZlj6SWNYAp+AhuqLmWdBO2X5hPrLcu8cVP8fy28w=="
  "resolved" "https://registry.npmjs.org/@jridgewell/resolve-uri/-/resolve-uri-3.1.0.tgz"
  "version" "3.1.0"

"@jridgewell/sourcemap-codec@^1.4.10":
  "integrity" "sha512-XPSJHWmi394fuUuzDnGz1wiKqWfo1yXecHQMRf2l6hztTO+nPru658AyDngaBe7isIxEkRsPR3FZh+s7iVa4Uw=="
  "resolved" "https://registry.npmjs.org/@jridgewell/sourcemap-codec/-/sourcemap-codec-1.4.14.tgz"
  "version" "1.4.14"

"@jridgewell/trace-mapping@0.3.9":
  "integrity" "sha512-3Belt6tdc8bPgAtbcmdtNJlirVoTmEb5e2gC94PnkwEW9jI6CAHUeoG85tjWP5WquqfavoMtMwiG4P926ZKKuQ=="
  "resolved" "https://registry.npmjs.org/@jridgewell/trace-mapping/-/trace-mapping-0.3.9.tgz"
  "version" "0.3.9"
  dependencies:
    "@jridgewell/resolve-uri" "^3.0.3"
    "@jridgewell/sourcemap-codec" "^1.4.10"

"@lezer/common@^0.15.0", "@lezer/common@^0.15.7":
  "integrity" "sha512-edfwCxNLnzq5pBA/yaIhwJ3U3Kz8VAUOTRg0hhxaizaI1N+qxV7EXDv/kLCkLeq2RzSFvxexlaj5Mzfn2kY0Ig=="
  "resolved" "https://registry.npmjs.org/@lezer/common/-/common-0.15.12.tgz"
  "version" "0.15.12"

"@lezer/lr@^0.15.4":
  "integrity" "sha512-bM6oE6VQZ6hIFxDNKk8bKPa14hqFrV07J/vHGOeiAbJReIaQXmkVb6xQu4MR+JBTLa5arGRyAAjJe1qaQt3Uvg=="
  "resolved" "https://registry.npmjs.org/@lezer/lr/-/lr-0.15.8.tgz"
  "version" "0.15.8"
  dependencies:
    "@lezer/common" "^0.15.0"

"@lmdb/lmdb-darwin-arm64@2.5.2":
  "integrity" "sha512-+F8ioQIUN68B4UFiIBYu0QQvgb9FmlKw2ctQMSBfW2QBrZIxz9vD9jCGqTCPqZBRbPHAS/vG1zSXnKqnS2ch/A=="
  "resolved" "https://registry.npmjs.org/@lmdb/lmdb-darwin-arm64/-/lmdb-darwin-arm64-2.5.2.tgz"
  "version" "2.5.2"

"@mischnic/json-sourcemap@^0.1.0":
  "integrity" "sha512-dQb3QnfNqmQNYA4nFSN/uLaByIic58gOXq4Y4XqLOWmOrw73KmJPt/HLyG0wvn1bnR6mBKs/Uwvkh+Hns1T0XA=="
  "resolved" "https://registry.npmjs.org/@mischnic/json-sourcemap/-/json-sourcemap-0.1.0.tgz"
  "version" "0.1.0"
  dependencies:
    "@lezer/common" "^0.15.7"
    "@lezer/lr" "^0.15.4"
    "json5" "^2.2.1"

"@msgpackr-extract/msgpackr-extract-darwin-arm64@2.1.2":
  "integrity" "sha512-TyVLn3S/+ikMDsh0gbKv2YydKClN8HaJDDpONlaZR+LVJmsxLFUgA+O7zu59h9+f9gX1aj/ahw9wqa6rosmrYQ=="
  "resolved" "https://registry.npmjs.org/@msgpackr-extract/msgpackr-extract-darwin-arm64/-/msgpackr-extract-darwin-arm64-2.1.2.tgz"
  "version" "2.1.2"

"@parcel/cache@2.7.0":
  "integrity" "sha512-JlXNoZXcWzLKdDlfeF3dIj5Vtel5T9vtdBN72PJ+cjC4qNHk4Uwvc5sfOBELuibGN0bVu2bwY9nUgSwCiB1iIA=="
  "resolved" "https://registry.npmjs.org/@parcel/cache/-/cache-2.7.0.tgz"
  "version" "2.7.0"
  dependencies:
    "@parcel/fs" "2.7.0"
    "@parcel/logger" "2.7.0"
    "@parcel/utils" "2.7.0"
    "lmdb" "2.5.2"

"@parcel/codeframe@2.7.0":
  "integrity" "sha512-UTKx0jejJmmO1dwTHSJuRgrO8N6PMlkxRT6sew8N6NC3Bgv6pu0EbO+RtlWt/jCvzcdLOPdIoTzj4MMZvgcMYg=="
  "resolved" "https://registry.npmjs.org/@parcel/codeframe/-/codeframe-2.7.0.tgz"
  "version" "2.7.0"
  dependencies:
    "chalk" "^4.1.0"

"@parcel/core@^2.7.0":
  "integrity" "sha512-7yKZUdh314Q/kU/9+27ZYTfcnXS6VYHuG+iiUlIohnvUUybxLqVJhdMU9Q+z2QcPka1IdJWz4K4Xx0y6/4goyg=="
  "resolved" "https://registry.npmjs.org/@parcel/core/-/core-2.7.0.tgz"
  "version" "2.7.0"
  dependencies:
    "@mischnic/json-sourcemap" "^0.1.0"
    "@parcel/cache" "2.7.0"
    "@parcel/diagnostic" "2.7.0"
    "@parcel/events" "2.7.0"
    "@parcel/fs" "2.7.0"
    "@parcel/graph" "2.7.0"
    "@parcel/hash" "2.7.0"
    "@parcel/logger" "2.7.0"
    "@parcel/package-manager" "2.7.0"
    "@parcel/plugin" "2.7.0"
    "@parcel/source-map" "^2.0.0"
    "@parcel/types" "2.7.0"
    "@parcel/utils" "2.7.0"
    "@parcel/workers" "2.7.0"
    "abortcontroller-polyfill" "^1.1.9"
    "base-x" "^3.0.8"
    "browserslist" "^4.6.6"
    "clone" "^2.1.1"
    "dotenv" "^7.0.0"
    "dotenv-expand" "^5.1.0"
    "json5" "^2.2.0"
    "msgpackr" "^1.5.4"
    "nullthrows" "^1.1.1"
    "semver" "^5.7.1"

"@parcel/diagnostic@2.7.0":
  "integrity" "sha512-pdq/cTwVoL0n8yuDCRXFRSQHVWdmmIXPt3R3iT4KtYDYvOrMT2dLPT79IMqQkhYPANW8GuL15n/WxRngfRdkug=="
  "resolved" "https://registry.npmjs.org/@parcel/diagnostic/-/diagnostic-2.7.0.tgz"
  "version" "2.7.0"
  dependencies:
    "@mischnic/json-sourcemap" "^0.1.0"
    "nullthrows" "^1.1.1"

"@parcel/events@2.7.0":
  "integrity" "sha512-kQDwMKgZ1U4M/G17qeDYF6bW5kybluN6ajYPc7mZcrWg+trEI/oXi81GMFaMX0BSUhwhbiN5+/Vb2wiG/Sn6ig=="
  "resolved" "https://registry.npmjs.org/@parcel/events/-/events-2.7.0.tgz"
  "version" "2.7.0"

"@parcel/fs-search@2.7.0":
  "integrity" "sha512-K1Hv25bnRpwQVA15RvcRuB8ZhfclnCHA8N8L6w7Ul1ncSJDxCIkIAc5hAubYNNYW3kWjCC2SOaEgFKnbvMllEQ=="
  "resolved" "https://registry.npmjs.org/@parcel/fs-search/-/fs-search-2.7.0.tgz"
  "version" "2.7.0"
  dependencies:
    "detect-libc" "^1.0.3"

"@parcel/fs@2.7.0":
  "integrity" "sha512-PU5fo4Hh8y03LZgemgVREttc0wyHQUNmsJCybxTB7EjJie2CqJRumo+DFppArlvdchLwJdc9em03yQV/GNWrEg=="
  "resolved" "https://registry.npmjs.org/@parcel/fs/-/fs-2.7.0.tgz"
  "version" "2.7.0"
  dependencies:
    "@parcel/fs-search" "2.7.0"
    "@parcel/types" "2.7.0"
    "@parcel/utils" "2.7.0"
    "@parcel/watcher" "^2.0.0"
    "@parcel/workers" "2.7.0"

"@parcel/graph@2.7.0":
  "integrity" "sha512-Q6E94GS6q45PtsZh+m+gvFRp/N1Qopxhu2sxjcWsGs5iBd6IWn2oYLWOH5iVzEjWuYpW2HkB08lH6J50O63uOA=="
  "resolved" "https://registry.npmjs.org/@parcel/graph/-/graph-2.7.0.tgz"
  "version" "2.7.0"
  dependencies:
    "@parcel/utils" "2.7.0"
    "nullthrows" "^1.1.1"

"@parcel/hash@2.7.0":
  "integrity" "sha512-k6bSKnIlPJMPU3yjQzfgfvF9zuJZGOAlJgzpL4BbWvdbE8BTdjzLcFn0Ujrtud94EgIkiXd22sC2HpCUWoHGdA=="
  "resolved" "https://registry.npmjs.org/@parcel/hash/-/hash-2.7.0.tgz"
  "version" "2.7.0"
  dependencies:
    "detect-libc" "^1.0.3"
    "xxhash-wasm" "^0.4.2"

"@parcel/logger@2.7.0":
  "integrity" "sha512-qjMY/bYo38+o+OiIrTRldU9CwL1E7J72t+xkTP8QIcUxLWz5LYR0YbynZUVulmBSfqsykjjxCy4a+8siVr+lPw=="
  "resolved" "https://registry.npmjs.org/@parcel/logger/-/logger-2.7.0.tgz"
  "version" "2.7.0"
  dependencies:
    "@parcel/diagnostic" "2.7.0"
    "@parcel/events" "2.7.0"

"@parcel/markdown-ansi@2.7.0":
  "integrity" "sha512-ipOX0D6FVZFEXeb/z8MnTMq2RQEIuaILY90olVIuHEFLHHfOPEn+RK3u13HA1ChF5/9E3cMD79tu6x9JL9Kqag=="
  "resolved" "https://registry.npmjs.org/@parcel/markdown-ansi/-/markdown-ansi-2.7.0.tgz"
  "version" "2.7.0"
  dependencies:
    "chalk" "^4.1.0"

"@parcel/package-manager@2.7.0":
  "integrity" "sha512-wmfSX1mRrTi8MeA4KrnPk/x7zGUsILCQmTo6lA4gygzAxDbM1pGuyFN8/Kt0y0SFO2lbljARtD/4an5qdotH+Q=="
  "resolved" "https://registry.npmjs.org/@parcel/package-manager/-/package-manager-2.7.0.tgz"
  "version" "2.7.0"
  dependencies:
    "@parcel/diagnostic" "2.7.0"
    "@parcel/fs" "2.7.0"
    "@parcel/logger" "2.7.0"
    "@parcel/types" "2.7.0"
    "@parcel/utils" "2.7.0"
    "@parcel/workers" "2.7.0"
    "semver" "^5.7.1"

"@parcel/plugin@^2.7.0", "@parcel/plugin@2.7.0":
  "integrity" "sha512-qqgx+nnMn6/0lRc4lKbLGmhNtBiT93S2gFNB4Eb4Pfz/SxVYoW+fmml+KdfOSiZffWOAH5L6NwhyD7N8aSikzw=="
  "resolved" "https://registry.npmjs.org/@parcel/plugin/-/plugin-2.7.0.tgz"
  "version" "2.7.0"
  dependencies:
    "@parcel/types" "2.7.0"

"@parcel/source-map@^2.0.0":
  "integrity" "sha512-Ejx1P/mj+kMjQb8/y5XxDUn4reGdr+WyKYloBljpppUy8gs42T+BNoEOuRYqDVdgPc6NxduzIDoJS9pOFfV5Ew=="
  "resolved" "https://registry.npmjs.org/@parcel/source-map/-/source-map-2.1.1.tgz"
  "version" "2.1.1"
  dependencies:
    "detect-libc" "^1.0.3"

"@parcel/transformer-inline-string@^2.7.0":
  "integrity" "sha512-/WurxNIk85rOMq9YhPUAA2MqkXjgUGmU4BGdpwUeJKSB2xbA9Zu5Q355lCGzIxH50MJpDZ1Nm4As2Ss6BXVURA=="
  "resolved" "https://registry.npmjs.org/@parcel/transformer-inline-string/-/transformer-inline-string-2.7.0.tgz"
  "version" "2.7.0"
  dependencies:
    "@parcel/plugin" "2.7.0"

"@parcel/types@^2.7.0", "@parcel/types@2.7.0":
  "integrity" "sha512-+dhXVUnseTCpJvBTGMp0V6X13z6O/A/+CUtwEpMGZ8XSmZ4Gk44GvaTiBOp0bJpWG4fvCKp+UmC8PYbrDiiziw=="
  "resolved" "https://registry.npmjs.org/@parcel/types/-/types-2.7.0.tgz"
  "version" "2.7.0"
  dependencies:
    "@parcel/cache" "2.7.0"
    "@parcel/diagnostic" "2.7.0"
    "@parcel/fs" "2.7.0"
    "@parcel/package-manager" "2.7.0"
    "@parcel/source-map" "^2.0.0"
    "@parcel/workers" "2.7.0"
    "utility-types" "^3.10.0"

"@parcel/utils@^2.7.0", "@parcel/utils@2.7.0":
  "integrity" "sha512-jNZ5bIGg1r1RDRKi562o4kuVwnz+XJ2Ie3b0Zwrqwvgfj6AbRFIKzDd+h85dWWmcDYzKUbHp11u6VJl1u8Vapg=="
  "resolved" "https://registry.npmjs.org/@parcel/utils/-/utils-2.7.0.tgz"
  "version" "2.7.0"
  dependencies:
    "@parcel/codeframe" "2.7.0"
    "@parcel/diagnostic" "2.7.0"
    "@parcel/hash" "2.7.0"
    "@parcel/logger" "2.7.0"
    "@parcel/markdown-ansi" "2.7.0"
    "@parcel/source-map" "^2.0.0"
    "chalk" "^4.1.0"

"@parcel/watcher@^2.0.0":
  "integrity" "sha512-6CaHXp6BNrFY5375OGQLSeaxfO8csgGWbO1U2nUqufDtUks7ZIG5wAyj/wR1zkOxRrhN0EaZWvlgSKYqo7a9lg=="
  "resolved" "https://registry.npmjs.org/@parcel/watcher/-/watcher-2.0.6.tgz"
  "version" "2.0.6"
  dependencies:
    "node-addon-api" "^3.2.1"
    "node-gyp-build" "^4.3.0"

"@parcel/workers@2.7.0":
  "integrity" "sha512-99VfaOX+89+RaoTSyH9ZQtkMBFZBFMvJmVJ/GeJT6QCd2wtKBStTHlaSnQOkLD/iRjJCNwV2xpZmm8YkTwV+hg=="
  "resolved" "https://registry.npmjs.org/@parcel/workers/-/workers-2.7.0.tgz"
  "version" "2.7.0"
  dependencies:
    "@parcel/diagnostic" "2.7.0"
    "@parcel/logger" "2.7.0"
    "@parcel/types" "2.7.0"
    "@parcel/utils" "2.7.0"
    "chrome-trace-event" "^1.0.2"
    "nullthrows" "^1.1.1"

"@tsconfig/node10@^1.0.7":
  "integrity" "sha512-jNsYVVxU8v5g43Erja32laIDHXeoNvFEpX33OK4d6hljo3jDhCBDhx5dhCCTMWUojscpAagGiRkBKxpdl9fxqA=="
  "resolved" "https://registry.npmjs.org/@tsconfig/node10/-/node10-1.0.9.tgz"
  "version" "1.0.9"

"@tsconfig/node12@^1.0.7":
  "integrity" "sha512-cqefuRsh12pWyGsIoBKJA9luFu3mRxCA+ORZvA4ktLSzIuCUtWVxGIuXigEwO5/ywWFMZ2QEGKWvkZG1zDMTag=="
  "resolved" "https://registry.npmjs.org/@tsconfig/node12/-/node12-1.0.11.tgz"
  "version" "1.0.11"

"@tsconfig/node14@^1.0.0":
  "integrity" "sha512-ysT8mhdixWK6Hw3i1V2AeRqZ5WfXg1G43mqoYlM2nc6388Fq5jcXyr5mRsqViLx/GJYdoL0bfXD8nmF+Zn/Iow=="
  "resolved" "https://registry.npmjs.org/@tsconfig/node14/-/node14-1.0.3.tgz"
  "version" "1.0.3"

"@tsconfig/node16@^1.0.2":
  "integrity" "sha512-yOlFc+7UtL/89t2ZhjPvvB/DeAr3r+Dq58IgzsFkOAvVC6NMJXmCGjbptdXdR9qsX7pKcTL+s87FtYREi2dEEQ=="
  "resolved" "https://registry.npmjs.org/@tsconfig/node16/-/node16-1.0.3.tgz"
  "version" "1.0.3"

"@types/less@^3.0.3":
  "integrity" "sha512-1YXyYH83h6We1djyoUEqTlVyQtCfJAFXELSKW2ZRtjHD4hQ82CC4lvrv5D0l0FLcKBaiPbXyi3MpMsI9ZRgKsw=="
  "resolved" "https://registry.npmjs.org/@types/less/-/less-3.0.3.tgz"
  "version" "3.0.3"

"@types/node@*", "@types/node@^18.11.9":
  "integrity" "sha512-CRpX21/kGdzjOpFsZSkcrXMGIBWMGNIHXXBVFSH+ggkftxg+XYP20TESbh+zFvFj3EQOl5byk0HTRn1IL6hbqg=="
  "resolved" "https://registry.npmjs.org/@types/node/-/node-18.11.9.tgz"
  "version" "18.11.9"

"@types/prettier@^2.7.1":
  "integrity" "sha512-ri0UmynRRvZiiUJdiz38MmIblKK+oH30MztdBVR95dv/Ubw6neWSb8u1XpRb72L4qsZOhz+L+z9JD40SJmfWow=="
  "resolved" "https://registry.npmjs.org/@types/prettier/-/prettier-2.7.1.tgz"
  "version" "2.7.1"

"abortcontroller-polyfill@^1.1.9":
  "integrity" "sha512-JMJ5soJWP18htbbxJjG7bG6yuI6pRhgJ0scHHTfkUjf6wjP912xZWvM+A4sJK3gqd9E8fcPbDnOefbA9Th/FIQ=="
  "resolved" "https://registry.npmjs.org/abortcontroller-polyfill/-/abortcontroller-polyfill-1.7.5.tgz"
  "version" "1.7.5"

"acorn-walk@^8.1.1":
  "integrity" "sha512-k+iyHEuPgSw6SbuDpGQM+06HQUa04DZ3o+F6CSzXMvvI5KMvnaEqXe+YVe555R9nn6GPt404fos4wcgpw12SDA=="
  "resolved" "https://registry.npmjs.org/acorn-walk/-/acorn-walk-8.2.0.tgz"
  "version" "8.2.0"

"acorn@^8.4.1":
  "integrity" "sha512-7zFpHzhnqYKrkYdUjF1HI1bzd0VygEGX8lFk4k5zVMqHEoES+P+7TKI+EvLO9WVMJ8eekdO0aDEK044xTXwPPA=="
  "resolved" "https://registry.npmjs.org/acorn/-/acorn-8.8.1.tgz"
  "version" "8.8.1"

"ansi-styles@^4.1.0":
  "integrity" "sha512-zbB9rCJAT1rbjiVDb2hqKFHNYLxgtk8NURxZ3IZwD3F6NtxbXZQCnnSi1Lkx+IDohdPlFp222wVALIheZJQSEg=="
  "resolved" "https://registry.npmjs.org/ansi-styles/-/ansi-styles-4.3.0.tgz"
  "version" "4.3.0"
  dependencies:
    "color-convert" "^2.0.1"

"arg@^4.1.0":
  "integrity" "sha512-58S9QDqG0Xx27YwPSt9fJxivjYl432YCwfDMfZ+71RAqUrZef7LrKQZ3LHLOwCS4FLNBplP533Zx895SeOCHvA=="
  "resolved" "https://registry.npmjs.org/arg/-/arg-4.1.3.tgz"
  "version" "4.1.3"

"base-x@^3.0.8":
  "integrity" "sha512-H7JU6iBHTal1gp56aKoaa//YUxEaAOUiydvrV/pILqIHXTtqxSkATOnDA2u+jZ/61sD+L/412+7kzXRtWukhpQ=="
  "resolved" "https://registry.npmjs.org/base-x/-/base-x-3.0.9.tgz"
  "version" "3.0.9"
  dependencies:
    "safe-buffer" "^5.0.1"

"browserslist@^4.6.6", "browserslist@>= 4.21.0":
  "integrity" "sha512-CBHJJdDmgjl3daYjN5Cp5kbTf1mUhZoS+beLklHIvkOWscs83YAhLlF3Wsh/lciQYAcbBJgTOD44VtG31ZM4Hw=="
  "resolved" "https://registry.npmjs.org/browserslist/-/browserslist-4.21.4.tgz"
  "version" "4.21.4"
  dependencies:
    "caniuse-lite" "^1.0.30001400"
    "electron-to-chromium" "^1.4.251"
    "node-releases" "^2.0.6"
    "update-browserslist-db" "^1.0.9"

"caniuse-lite@^1.0.30001400":
  "integrity" "sha512-511ThLu1hF+5RRRt0zYCf2U2yRr9GPF6m5y90SBCWsvSoYoW7yAGlv/elyPaNfvGCkp6kj/KFZWU0BMA69Prsg=="
  "resolved" "https://registry.npmjs.org/caniuse-lite/-/caniuse-lite-1.0.30001429.tgz"
  "version" "1.0.30001429"

"chalk@^4.1.0":
  "integrity" "sha512-oKnbhFyRIXpUuez8iBMmyEa4nbj4IOQyuhc/wy9kY7/WVPcwIO9VA668Pu8RkO7+0G76SLROeyw9CpQ061i4mA=="
  "resolved" "https://registry.npmjs.org/chalk/-/chalk-4.1.2.tgz"
  "version" "4.1.2"
  dependencies:
    "ansi-styles" "^4.1.0"
    "supports-color" "^7.1.0"

"chrome-trace-event@^1.0.2":
  "integrity" "sha512-p3KULyQg4S7NIHixdwbGX+nFHkoBiA4YQmyWtjb8XngSKV124nJmRysgAeujbUVb15vh+RvFUfCPqU7rXk+hZg=="
  "resolved" "https://registry.npmjs.org/chrome-trace-event/-/chrome-trace-event-1.0.3.tgz"
  "version" "1.0.3"

"clone@^2.1.1":
  "integrity" "sha512-3Pe/CF1Nn94hyhIYpjtiLhdCoEoz0DqQ+988E9gmeEdQZlojxnOb74wctFyuwWQHzqyf9X7C7MG8juUpqBJT8w=="
  "resolved" "https://registry.npmjs.org/clone/-/clone-2.1.2.tgz"
  "version" "2.1.2"

"color-convert@^2.0.1":
  "integrity" "sha512-RRECPsj7iu/xb5oKYcsFHSppFNnsj/52OVTRKb4zP5onXwVF3zVmmToNcOfGC+CRDpfK/U584fMg38ZHCaElKQ=="
  "resolved" "https://registry.npmjs.org/color-convert/-/color-convert-2.0.1.tgz"
  "version" "2.0.1"
  dependencies:
    "color-name" "~1.1.4"

"color-name@~1.1.4":
  "integrity" "sha512-dOy+3AuW3a2wNbZHIuMZpTcgjGuLU/uBL/ubcZF9OXbDo8ff4O8yVp5Bf0efS8uEoYo5q4Fx7dY9OgQGXgAsQA=="
  "resolved" "https://registry.npmjs.org/color-name/-/color-name-1.1.4.tgz"
  "version" "1.1.4"

"copy-anything@^2.0.1":
  "integrity" "sha512-1j20GZTsvKNkc4BY3NpMOM8tt///wY3FpIzozTOFO2ffuZcV61nojHXVKIy3WM+7ADCy5FVhdZYHYDdgTU0yJw=="
  "resolved" "https://registry.npmjs.org/copy-anything/-/copy-anything-2.0.6.tgz"
  "version" "2.0.6"
  dependencies:
    "is-what" "^3.14.1"

"create-require@^1.1.0":
  "integrity" "sha512-dcKFX3jn0MpIaXjisoRvexIJVEKzaq7z2rZKxf+MSr9TkdmHmsU4m2lcLojrj/FHl8mk5VxMmYA+ftRkP/3oKQ=="
  "resolved" "https://registry.npmjs.org/create-require/-/create-require-1.1.1.tgz"
  "version" "1.1.1"

"debug@^3.2.6":
  "integrity" "sha512-CFjzYYAi4ThfiQvizrFQevTTXHtnCqWfe7x1AhgEscTz6ZbLbfoLRLPugTQyBth6f8ZERVUSyWHFD/7Wu4t1XQ=="
  "resolved" "https://registry.npmjs.org/debug/-/debug-3.2.7.tgz"
  "version" "3.2.7"
  dependencies:
    "ms" "^2.1.1"

"detect-libc@^1.0.3":
  "integrity" "sha512-pGjwhsmsp4kL2RTz08wcOlGN83otlqHeD/Z5T8GXZB+/YcpQ/dgo+lbU8ZsGxV0HIvqqxo9l7mqYwyYMD9bKDg=="
  "resolved" "https://registry.npmjs.org/detect-libc/-/detect-libc-1.0.3.tgz"
  "version" "1.0.3"

"diff@^4.0.1":
  "integrity" "sha512-58lmxKSA4BNyLz+HHMUzlOEpg09FV+ev6ZMe3vJihgdxzgcwZ8VoEEPmALCZG9LmqfVoNMMKpttIYTVG6uDY7A=="
  "resolved" "https://registry.npmjs.org/diff/-/diff-4.0.2.tgz"
  "version" "4.0.2"

"dotenv-expand@^5.1.0":
  "integrity" "sha512-YXQl1DSa4/PQyRfgrv6aoNjhasp/p4qs9FjJ4q4cQk+8m4r6k4ZSiEyytKG8f8W9gi8WsQtIObNmKd+tMzNTmA=="
  "resolved" "https://registry.npmjs.org/dotenv-expand/-/dotenv-expand-5.1.0.tgz"
  "version" "5.1.0"

"dotenv@^7.0.0":
  "integrity" "sha512-M3NhsLbV1i6HuGzBUH8vXrtxOk+tWmzWKDMbAVSUp3Zsjm7ywFeuwrUXhmhQyRK1q5B5GGy7hcXPbj3bnfZg2g=="
  "resolved" "https://registry.npmjs.org/dotenv/-/dotenv-7.0.0.tgz"
  "version" "7.0.0"

"electron-to-chromium@^1.4.251":
  "integrity" "sha512-M8WEXFuKXMYMVr45fo8mq0wUrrJHheiKZf6BArTKk9ZBYCKJEOU5H8cdWgDT+qCVZf7Na4lVUaZsA+h6uA9+PA=="
  "resolved" "https://registry.npmjs.org/electron-to-chromium/-/electron-to-chromium-1.4.284.tgz"
  "version" "1.4.284"

"errno@^0.1.1":
  "integrity" "sha512-dJ6oBr5SQ1VSd9qkk7ByRgb/1SH4JZjCHSW/mr63/QcXO9zLVxvJ6Oy13nio03rxpSnVDDjFor75SjVeZWPW/A=="
  "resolved" "https://registry.npmjs.org/errno/-/errno-0.1.8.tgz"
  "version" "0.1.8"
  dependencies:
    "prr" "~1.0.1"

"escalade@^3.1.1":
  "integrity" "sha512-k0er2gUkLf8O0zKJiAhmkTnJlTvINGv7ygDNPbeIsX/TJjGJZHuh9B2UxbsaEkmlEo9MfhrSzmhIlhRlI2GXnw=="
  "resolved" "https://registry.npmjs.org/escalade/-/escalade-3.1.1.tgz"
  "version" "3.1.1"

"graceful-fs@^4.1.2":
  "integrity" "sha512-9ByhssR2fPVsNZj478qUUbKfmL0+t5BDVyjShtyZZLiK7ZDAArFFfopyOTj0M05wE2tJPisA4iTnnXl2YoPvOA=="
  "resolved" "https://registry.npmjs.org/graceful-fs/-/graceful-fs-4.2.10.tgz"
  "version" "4.2.10"

"has-flag@^4.0.0":
  "integrity" "sha512-EykJT/Q1KjTWctppgIAgfSO0tKVuZUjhgMr17kqTumMl6Afv3EISleU7qZUzoXDFTAHTDC4NOoG/ZxU3EvlMPQ=="
  "resolved" "https://registry.npmjs.org/has-flag/-/has-flag-4.0.0.tgz"
  "version" "4.0.0"

"iconv-lite@^0.6.3":
  "integrity" "sha512-4fCk79wshMdzMp2rH06qWrJE4iolqLhCUH+OiuIgU++RB0+94NlDL81atO7GX55uUKueo0txHNtvEyI6D7WdMw=="
  "resolved" "https://registry.npmjs.org/iconv-lite/-/iconv-lite-0.6.3.tgz"
  "version" "0.6.3"
  dependencies:
    "safer-buffer" ">= 2.1.2 < 3.0.0"

"image-size@~0.5.0":
  "integrity" "sha512-6TDAlDPZxUFCv+fuOkIoXT/V/f3Qbq8e37p+YOiYrUv3v9cc3/6x78VdfPgFVaB9dZYeLUfKgHRebpkm/oP2VQ=="
  "resolved" "https://registry.npmjs.org/image-size/-/image-size-0.5.5.tgz"
  "version" "0.5.5"

"is-what@^3.14.1":
  "integrity" "sha512-sNxgpk9793nzSs7bA6JQJGeIuRBQhAaNGG77kzYQgMkrID+lS6SlK07K5LaptscDlSaIgH+GPFzf+d75FVxozA=="
  "resolved" "https://registry.npmjs.org/is-what/-/is-what-3.14.1.tgz"
  "version" "3.14.1"

"isbinaryfile@^5.0.0":
  "integrity" "sha512-UDdnyGvMajJUWCkib7Cei/dvyJrrvo4FIrsvSFWdPpXSUorzXrDJ0S+X5Q4ZlasfPjca4yqCNNsjbCeiy8FFeg=="
  "resolved" "https://registry.npmjs.org/isbinaryfile/-/isbinaryfile-5.0.0.tgz"
  "version" "5.0.0"

"json5@^2.2.0", "json5@^2.2.1":
  "integrity" "sha512-1hqLFMSrGHRHxav9q9gNjJ5EXznIxGVO09xQRrwplcS8qs28pZ8s8hupZAmqDwZUmVZ2Qb2jnyPOWcDH8m8dlA=="
  "resolved" "https://registry.npmjs.org/json5/-/json5-2.2.1.tgz"
  "version" "2.2.1"

"less@^4.1.3":
  "integrity" "sha512-w16Xk/Ta9Hhyei0Gpz9m7VS8F28nieJaL/VyShID7cYvP6IL5oHeL6p4TXSDJqZE/lNv0oJ2pGVjJsRkfwm5FA=="
  "resolved" "https://registry.npmjs.org/less/-/less-4.1.3.tgz"
  "version" "4.1.3"
  dependencies:
    "copy-anything" "^2.0.1"
    "parse-node-version" "^1.0.1"
    "tslib" "^2.3.0"
  optionalDependencies:
    "errno" "^0.1.1"
    "graceful-fs" "^4.1.2"
    "image-size" "~0.5.0"
    "make-dir" "^2.1.0"
    "mime" "^1.4.1"
    "needle" "^3.1.0"
    "source-map" "~0.6.0"

"lmdb@2.5.2":
  "integrity" "sha512-V5V5Xa2Hp9i2XsbDALkBTeHXnBXh/lEmk9p22zdr7jtuOIY9TGhjK6vAvTpOOx9IKU4hJkRWZxn/HsvR1ELLtA=="
  "resolved" "https://registry.npmjs.org/lmdb/-/lmdb-2.5.2.tgz"
  "version" "2.5.2"
  dependencies:
    "msgpackr" "^1.5.4"
    "node-addon-api" "^4.3.0"
    "node-gyp-build-optional-packages" "5.0.3"
    "ordered-binary" "^1.2.4"
    "weak-lru-cache" "^1.2.2"
  optionalDependencies:
    "@lmdb/lmdb-darwin-arm64" "2.5.2"
    "@lmdb/lmdb-darwin-x64" "2.5.2"
    "@lmdb/lmdb-linux-arm" "2.5.2"
    "@lmdb/lmdb-linux-arm64" "2.5.2"
    "@lmdb/lmdb-linux-x64" "2.5.2"
    "@lmdb/lmdb-win32-x64" "2.5.2"

"lodash@^4.17.21":
  "integrity" "sha512-v2kDEe57lecTulaDIuNTPy3Ry4gLGJ6Z1O3vE1krgXZNrsQ+LFTGHVxVjcXPs17LhbZVGedAJv8XZ1tvj5FvSg=="
  "resolved" "https://registry.npmjs.org/lodash/-/lodash-4.17.21.tgz"
  "version" "4.17.21"

"make-dir@^2.1.0":
  "integrity" "sha512-LS9X+dc8KLxXCb8dni79fLIIUA5VyZoyjSMCwTluaXA0o27cCK0bhXkpgw+sTXVpPy/lSO57ilRixqk0vDmtRA=="
  "resolved" "https://registry.npmjs.org/make-dir/-/make-dir-2.1.0.tgz"
  "version" "2.1.0"
  dependencies:
    "pify" "^4.0.1"
    "semver" "^5.6.0"

"make-error@^1.1.1":
  "integrity" "sha512-s8UhlNe7vPKomQhC1qFelMokr/Sc3AgNbso3n74mVPA5LTZwkB9NlXf4XPamLxJE8h0gh73rM94xvwRT2CVInw=="
  "resolved" "https://registry.npmjs.org/make-error/-/make-error-1.3.6.tgz"
  "version" "1.3.6"

"mime-db@1.52.0":
  "integrity" "sha512-sPU4uV7dYlvtWJxwwxHD0PuihVNiE7TyAbQ5SWxDCB9mUYvOgroQOwYQQOKPJ8CIbE+1ETVlOoK1UC2nU3gYvg=="
  "resolved" "https://registry.npmjs.org/mime-db/-/mime-db-1.52.0.tgz"
  "version" "1.52.0"

"mime-types@^2.1.35":
  "integrity" "sha512-ZDY+bPm5zTTF+YpCrAU9nK0UgICYPT0QtT1NZWFv4s++TNkcgVaT0g6+4R2uI4MjQjzysHB1zxuWL50hzaeXiw=="
  "resolved" "https://registry.npmjs.org/mime-types/-/mime-types-2.1.35.tgz"
  "version" "2.1.35"
  dependencies:
    "mime-db" "1.52.0"

"mime@^1.4.1":
  "integrity" "sha512-x0Vn8spI+wuJ1O6S7gnbaQg8Pxh4NNHb7KSINmEWKiPE4RKOplvijn+NkmYmmRgP68mc70j2EbeTFRsrswaQeg=="
  "resolved" "https://registry.npmjs.org/mime/-/mime-1.6.0.tgz"
  "version" "1.6.0"

"ms@^2.1.1":
  "integrity" "sha512-6FlzubTLZG3J2a/NVCAleEhjzq5oxgHyaCU9yYXvcLsvoVaHJq/s5xXI6/XXP6tz7R9xAOtHnSO/tXtF3WRTlA=="
  "resolved" "https://registry.npmjs.org/ms/-/ms-2.1.3.tgz"
  "version" "2.1.3"

"msgpackr-extract@^2.1.2":
  "integrity" "sha512-cmrmERQFb19NX2JABOGtrKdHMyI6RUyceaPBQ2iRz9GnDkjBWFjNJC0jyyoOfZl2U/LZE3tQCCQc4dlRyA8mcA=="
  "resolved" "https://registry.npmjs.org/msgpackr-extract/-/msgpackr-extract-2.1.2.tgz"
  "version" "2.1.2"
  dependencies:
    "node-gyp-build-optional-packages" "5.0.3"
  optionalDependencies:
    "@msgpackr-extract/msgpackr-extract-darwin-arm64" "2.1.2"
    "@msgpackr-extract/msgpackr-extract-darwin-x64" "2.1.2"
    "@msgpackr-extract/msgpackr-extract-linux-arm" "2.1.2"
    "@msgpackr-extract/msgpackr-extract-linux-arm64" "2.1.2"
    "@msgpackr-extract/msgpackr-extract-linux-x64" "2.1.2"
    "@msgpackr-extract/msgpackr-extract-win32-x64" "2.1.2"

"msgpackr@^1.5.4":
  "integrity" "sha512-mWScyHTtG6TjivXX9vfIy2nBtRupaiAj0HQ2mtmpmYujAmqZmaaEVPaSZ1NKLMvicaMLFzEaMk0ManxMRg8rMQ=="
  "resolved" "https://registry.npmjs.org/msgpackr/-/msgpackr-1.7.2.tgz"
  "version" "1.7.2"
  optionalDependencies:
    "msgpackr-extract" "^2.1.2"

"needle@^3.1.0":
  "integrity" "sha512-gCE9weDhjVGCRqS8dwDR/D3GTAeyXLXuqp7I8EzH6DllZGXSUyxuqqLh+YX9rMAWaaTFyVAg6rHGL25dqvczKw=="
  "resolved" "https://registry.npmjs.org/needle/-/needle-3.1.0.tgz"
  "version" "3.1.0"
  dependencies:
    "debug" "^3.2.6"
    "iconv-lite" "^0.6.3"
    "sax" "^1.2.4"

"node-addon-api@^3.2.1":
  "integrity" "sha512-mmcei9JghVNDYydghQmeDX8KoAm0FAiYyIcUt/N4nhyAipB17pllZQDOJD2fotxABnt4Mdz+dKTO7eftLg4d0A=="
  "resolved" "https://registry.npmjs.org/node-addon-api/-/node-addon-api-3.2.1.tgz"
  "version" "3.2.1"

"node-addon-api@^4.3.0":
  "integrity" "sha512-73sE9+3UaLYYFmDsFZnqCInzPyh3MqIwZO9cw58yIqAZhONrrabrYyYe3TuIqtIiOuTXVhsGau8hcrhhwSsDIQ=="
  "resolved" "https://registry.npmjs.org/node-addon-api/-/node-addon-api-4.3.0.tgz"
  "version" "4.3.0"

"node-gyp-build-optional-packages@5.0.3":
  "integrity" "sha512-k75jcVzk5wnnc/FMxsf4udAoTEUv2jY3ycfdSd3yWu6Cnd1oee6/CfZJApyscA4FJOmdoixWwiwOyf16RzD5JA=="
  "resolved" "https://registry.npmjs.org/node-gyp-build-optional-packages/-/node-gyp-build-optional-packages-5.0.3.tgz"
  "version" "5.0.3"

"node-gyp-build@^4.3.0":
  "integrity" "sha512-2iGbaQBV+ITgCz76ZEjmhUKAKVf7xfY1sRl4UiKQspfZMH2h06SyhNsnSVy50cwkFQDGLyif6m/6uFXHkOZ6rg=="
  "resolved" "https://registry.npmjs.org/node-gyp-build/-/node-gyp-build-4.5.0.tgz"
  "version" "4.5.0"

"node-releases@^2.0.6":
  "integrity" "sha512-PiVXnNuFm5+iYkLBNeq5211hvO38y63T0i2KKh2KnUs3RpzJ+JtODFjkD8yjLwnDkTYF1eKXheUwdssR+NRZdg=="
  "resolved" "https://registry.npmjs.org/node-releases/-/node-releases-2.0.6.tgz"
  "version" "2.0.6"

"nullthrows@^1.1.1":
  "integrity" "sha512-2vPPEi+Z7WqML2jZYddDIfy5Dqb0r2fze2zTxNNknZaFpVHU3mFB3R+DWeJWGVx0ecvttSGlJTI+WG+8Z4cDWw=="
  "resolved" "https://registry.npmjs.org/nullthrows/-/nullthrows-1.1.1.tgz"
  "version" "1.1.1"

"ordered-binary@^1.2.4":
  "integrity" "sha512-EHQ/jk4/a9hLupIKxTfUsQRej1Yd/0QLQs3vGvIqg5ZtCYSzNhkzHoZc7Zf4e4kUlDaC3Uw8Q/1opOLNN2OKRQ=="
  "resolved" "https://registry.npmjs.org/ordered-binary/-/ordered-binary-1.4.0.tgz"
  "version" "1.4.0"

"parse-node-version@^1.0.1":
  "integrity" "sha512-3YHlOa/JgH6Mnpr05jP9eDG254US9ek25LyIxZlDItp2iJtwyaXQb57lBYLdT3MowkUFYEV2XXNAYIPlESvJlA=="
  "resolved" "https://registry.npmjs.org/parse-node-version/-/parse-node-version-1.0.1.tgz"
  "version" "1.0.1"

"picocolors@^1.0.0":
  "integrity" "sha512-1fygroTLlHu66zi26VoTDv8yRgm0Fccecssto+MhsZ0D/DGW2sm8E8AjW7NU5VVTRt5GxbeZ5qBuJr+HyLYkjQ=="
  "resolved" "https://registry.npmjs.org/picocolors/-/picocolors-1.0.0.tgz"
  "version" "1.0.0"

"pify@^4.0.1":
  "integrity" "sha512-uB80kBFb/tfd68bVleG9T5GGsGPjJrLAUpR5PZIrhBnIaRTQRjqdJSsIKkOP6OAIFbj7GOrcudc5pNjZ+geV2g=="
  "resolved" "https://registry.npmjs.org/pify/-/pify-4.0.1.tgz"
  "version" "4.0.1"

"prettier@^2.7.1":
  "integrity" "sha512-ujppO+MkdPqoVINuDFDRLClm7D78qbDt0/NR+wp5FqEZOoTNAjPHWj17QRhu7geIHJfcNhRk1XVQmF8Bp3ye+g=="
  "resolved" "https://registry.npmjs.org/prettier/-/prettier-2.7.1.tgz"
  "version" "2.7.1"

"prr@~1.0.1":
  "integrity" "sha512-yPw4Sng1gWghHQWj0B3ZggWUm4qVbPwPFcRG8KyxiU7J2OHFSoEHKS+EZ3fv5l1t9CyCiop6l/ZYeWbrgoQejw=="
  "resolved" "https://registry.npmjs.org/prr/-/prr-1.0.1.tgz"
  "version" "1.0.1"

"safe-buffer@^5.0.1":
  "integrity" "sha512-rp3So07KcdmmKbGvgaNxQSJr7bGVSVk5S9Eq1F+ppbRo70+YeaDxkw5Dd8NPN+GD6bjnYm2VuPuCXmpuYvmCXQ=="
  "resolved" "https://registry.npmjs.org/safe-buffer/-/safe-buffer-5.2.1.tgz"
  "version" "5.2.1"

"safer-buffer@>= 2.1.2 < 3.0.0":
  "integrity" "sha512-YZo3K82SD7Riyi0E1EQPojLz7kpepnSQI9IyPbHHg1XXXevb5dJI7tpyN2ADxGcQbHG7vcyRHk0cbwqcQriUtg=="
  "resolved" "https://registry.npmjs.org/safer-buffer/-/safer-buffer-2.1.2.tgz"
  "version" "2.1.2"

"sax@^1.2.4":
  "integrity" "sha512-NqVDv9TpANUjFm0N8uM5GxL36UgKi9/atZw+x7YFnQ8ckwFGKrl4xX4yWtrey3UJm5nP1kUbnYgLopqWNSRhWw=="
  "resolved" "https://registry.npmjs.org/sax/-/sax-1.2.4.tgz"
  "version" "1.2.4"

"semver@^5.6.0", "semver@^5.7.1":
  "integrity" "sha512-sauaDf/PZdVgrLTNYHRtpXa1iRiKcaebiKQ1BJdpQlWH2lCvexQdX55snPFyK7QzpudqbCI0qXFfOasHdyNDGQ=="
  "resolved" "https://registry.npmjs.org/semver/-/semver-5.7.1.tgz"
  "version" "5.7.1"

"source-map@~0.6.0":
  "integrity" "sha512-UjgapumWlbMhkBgzT7Ykc5YXUT46F0iKu8SGXq0bcwP5dz/h0Plj6enJqjz1Zbq2l5WaqYnrVbwWOWMyF3F47g=="
  "resolved" "https://registry.npmjs.org/source-map/-/source-map-0.6.1.tgz"
  "version" "0.6.1"

"supports-color@^7.1.0":
  "integrity" "sha512-qpCAvRl9stuOHveKsn7HncJRvv501qIacKzQlO/+Lwxc9+0q2wLyv4Dfvt80/DPn2pqOBsJdDiogXGR9+OvwRw=="
  "resolved" "https://registry.npmjs.org/supports-color/-/supports-color-7.2.0.tgz"
  "version" "7.2.0"
  dependencies:
    "has-flag" "^4.0.0"

"ts-node@^10.9.1":
  "integrity" "sha512-NtVysVPkxxrwFGUUxGYhfux8k78pQB3JqYBXlLRZgdGUqTO5wU/UyHop5p70iEbGhB7q5KmiZiU0Y3KlJrScEw=="
  "resolved" "https://registry.npmjs.org/ts-node/-/ts-node-10.9.1.tgz"
  "version" "10.9.1"
  dependencies:
    "@cspotcode/source-map-support" "^0.8.0"
    "@tsconfig/node10" "^1.0.7"
    "@tsconfig/node12" "^1.0.7"
    "@tsconfig/node14" "^1.0.0"
    "@tsconfig/node16" "^1.0.2"
    "acorn" "^8.4.1"
    "acorn-walk" "^8.1.1"
    "arg" "^4.1.0"
    "create-require" "^1.1.0"
    "diff" "^4.0.1"
    "make-error" "^1.1.1"
    "v8-compile-cache-lib" "^3.0.1"
    "yn" "3.1.1"

"tslib@^2.3.0":
  "integrity" "sha512-tGyy4dAjRIEwI7BzsB0lynWgOpfqjUdq91XXAlIWD2OwKBH7oCl/GZG/HT4BOHrTlPMOASlMQ7veyTqpmRcrNA=="
  "resolved" "https://registry.npmjs.org/tslib/-/tslib-2.4.1.tgz"
  "version" "2.4.1"

"typescript@^4.8.4", "typescript@>=2.7":
  "integrity" "sha512-QCh+85mCy+h0IGff8r5XWzOVSbBO+KfeYrMQh7NJ58QujwcE22u+NUSmUxqF+un70P9GXKxa2HCNiTTMJknyjQ=="
  "resolved" "https://registry.npmjs.org/typescript/-/typescript-4.8.4.tgz"
  "version" "4.8.4"

"update-browserslist-db@^1.0.9":
  "integrity" "sha512-OztqDenkfFkbSG+tRxBeAnCVPckDBcvibKd35yDONx6OU8N7sqgwc7rCbkJ/WcYtVRZ4ba68d6byhC21GFh7sQ=="
  "resolved" "https://registry.npmjs.org/update-browserslist-db/-/update-browserslist-db-1.0.10.tgz"
  "version" "1.0.10"
  dependencies:
    "escalade" "^3.1.1"
    "picocolors" "^1.0.0"

"utility-types@^3.10.0":
  "integrity" "sha512-O11mqxmi7wMKCo6HKFt5AhO4BwY3VV68YU07tgxfz8zJTIxr4BpsezN49Ffwy9j3ZpwwJp4fkRwjRzq3uWE6Rg=="
  "resolved" "https://registry.npmjs.org/utility-types/-/utility-types-3.10.0.tgz"
  "version" "3.10.0"

"v8-compile-cache-lib@^3.0.1":
  "integrity" "sha512-wa7YjyUGfNZngI/vtK0UHAN+lgDCxBPCylVXGp0zu59Fz5aiGtNXaq3DhIov063MorB+VfufLh3JlF2KdTK3xg=="
  "resolved" "https://registry.npmjs.org/v8-compile-cache-lib/-/v8-compile-cache-lib-3.0.1.tgz"
  "version" "3.0.1"

"weak-lru-cache@^1.2.2":
  "integrity" "sha512-DEAoo25RfSYMuTGc9vPJzZcZullwIqRDSI9LOy+fkCJPi6hykCnfKaXTuPBDuXAUcqHXyOgFtHNp/kB2FjYHbw=="
  "resolved" "https://registry.npmjs.org/weak-lru-cache/-/weak-lru-cache-1.2.2.tgz"
  "version" "1.2.2"

"xxhash-wasm@^0.4.2":
  "integrity" "sha512-/eyHVRJQCirEkSZ1agRSCwriMhwlyUcFkXD5TPVSLP+IPzjsqMVzZwdoczLp1SoQU0R3dxz1RpIK+4YNQbCVOA=="
  "resolved" "https://registry.npmjs.org/xxhash-wasm/-/xxhash-wasm-0.4.2.tgz"
  "version" "0.4.2"

"yn@3.1.1":
  "integrity" "sha512-Ux4ygGWsu2c7isFWe8Yu1YluJmqVhxqK2cLXNQA5AcC3QfbGNpM7fu0Y8b/z16pXLnFxZYvWhd3fhBY9DLmC6Q=="
  "resolved" "https://registry.npmjs.org/yn/-/yn-3.1.1.tgz"
  "version" "3.1.1"
